{
  "name": "codemirror-next-merge-demo",
  "version": "1.0.0",
  "lockfileVersion": 1,
  "requires": true,
  "dependencies": {
    "@codemirror/next": {
      "version": "0.15.0",
      "resolved": "https://registry.npmjs.org/@codemirror/next/-/next-0.15.0.tgz",
      "integrity": "sha512-l6IbV+VsjHeXNYR7y15UZc1b1BTLtAmRvhKAP+CeVNU/0DvXbLKLSCMjM4HTPMUZJe++gO2cFmYjPzT3jdTZiA==",
      "requires": {
        "lezer": "^0.13.0",
        "lezer-cpp": "^0.13.0",
        "lezer-css": "^0.13.0",
        "lezer-html": "^0.13.0",
        "lezer-java": "^0.13.0",
        "lezer-javascript": "^0.13.0",
        "lezer-json": "^0.13.0",
        "lezer-markdown": "^0.13.0",
        "lezer-python": "^0.13.0",
        "lezer-rust": "^0.13.0",
        "lezer-tree": "^0.13.0",
        "lezer-xml": "^0.13.0",
        "style-mod": "^3.1.0",
        "w3c-keyname": "^2.2.4"
      }
    },
    "lezer": {
      "version": "0.13.1",
      "resolved": "https://registry.npmjs.org/lezer/-/lezer-0.13.1.tgz",
      "integrity": "sha512-aDX9OHYWQFt3s7C0IEil//Lckxbr02dCRyxB/uTxVuZjBsNHnUJ8Y83OgDi+uNFwRsexhdoMF0/PSvmky/Fg/g==",
      "requires": {
        "lezer-tree": "^0.13.0"
      }
    },
    "lezer-cpp": {
      "version": "0.13.1",
      "resolved": "https://registry.npmjs.org/lezer-cpp/-/lezer-cpp-0.13.1.tgz",
      "integrity": "sha512-z2L6t8rNaT482fGdca6o86zJat6Nhmt2GJeSeFXKiIjZFpOpPJzm91hHhNzhb31kjs75dq0kCDv1N9fEJrtqng==",
      "requires": {
        "lezer": "^0.13.0"
      }
    },
    "lezer-css": {
      "version": "0.13.1",
      "resolved": "https://registry.npmjs.org/lezer-css/-/lezer-css-0.13.1.tgz",
      "integrity": "sha512-ke56tjG17IZ+EFiY50P2WinjhgZQB7OecRVZmYQbVuwv5iUdLemA4vLjaFsAbgoSg+4pfOms7Ns9nItoJcmFpg==",
      "requires": {
        "lezer": "^0.13.0"
      }
    },
    "lezer-html": {
      "version": "0.13.1",
      "resolved": "https://registry.npmjs.org/lezer-html/-/lezer-html-0.13.1.tgz",
      "integrity": "sha512-ss4/dwfT7DL/vYeFlQZi0ztXi8R+IUv6nXRHbDCRPVQL5ZnrYw1tUT7y4DvU+haXjEnuQFR70zX/6SilSdXvxA==",
      "requires": {
        "lezer": "^0.13.0"
      }
    },
    "lezer-java": {
      "version": "0.13.1",
      "resolved": "https://registry.npmjs.org/lezer-java/-/lezer-java-0.13.1.tgz",
      "integrity": "sha512-4VJSPztvjAumWRANLN09m8BJfrAqErW2DXnxkEcGmV2Rgr5IoHDT3NDXJMGQmJXO5Shw0vpWIj2sCR+tdI/Kgw==",
      "requires": {
        "lezer": "^0.13.0"
      }
    },
    "lezer-javascript": {
      "version": "0.13.1",
      "resolved": "https://registry.npmjs.org/lezer-javascript/-/lezer-javascript-0.13.1.tgz",
      "integrity": "sha512-aECnPTtNyy7fwR36TKVx22lFP+5H1F+cAbMWkPtM95i3ShnxNzRfeZsh8VHljafsIBjLQzGlyYX0SY7gaSGk6w==",
      "requires": {
        "lezer": "^0.13.0"
      }
    },
    "lezer-json": {
      "version": "0.13.1",
      "resolved": "https://registry.npmjs.org/lezer-json/-/lezer-json-0.13.1.tgz",
      "integrity": "sha512-iXIXSjqa/+jmaDKD4yPgpwfwQlbOcu/IaFgZ+3dgo3oVtitEVlAJYcfw8g9ywJtae3CYQlyOX9mjyi0VCNPlNg==",
      "requires": {
        "lezer": "^0.13.0"
      }
    },
    "lezer-markdown": {
      "version": "0.13.0",
      "resolved": "https://registry.npmjs.org/lezer-markdown/-/lezer-markdown-0.13.0.tgz",
      "integrity": "sha512-NrWO7skcqqWAr1ui8x1Sh1vMIYlE8re4bpMcno+8/V0zsjPSKgfFqNb9NB9tUK4PJpObJab7+VG1WmCncQrLUg==",
      "requires": {
        "lezer-html": "^0.13.0",
        "lezer-tree": "^0.13.0"
      }
    },
    "lezer-python": {
      "version": "0.13.1",
      "resolved": "https://registry.npmjs.org/lezer-python/-/lezer-python-0.13.1.tgz",
      "integrity": "sha512-X/gOVWZ+29VcCN8t0P4AudvdeH46LUSeWPEbXK0Ka5DNBXltXAuXzxnofXdvcf7CvX6BvXU79tV1FH5BbCkl8w==",
      "requires": {
        "lezer": "^0.13.0"
      }
    },
    "lezer-rust": {
      "version": "0.13.1",
      "resolved": "https://registry.npmjs.org/lezer-rust/-/lezer-rust-0.13.1.tgz",
      "integrity": "sha512-mn27bruCQfgKsyUV4vW/cUcUtZ0TjwNOFR299ZQxfxKSs4UUg0b6Jvu436ROYo5lxquKXf2BQdFWSttMoSlysg==",
      "requires": {
        "lezer": "^0.13.0"
      }
    },
    "lezer-tree": {
      "version": "0.13.0",
      "resolved": "https://registry.npmjs.org/lezer-tree/-/lezer-tree-0.13.0.tgz",
      "integrity": "sha512-YqGD22WxQmT6np2JEX5Z+zhdBSfPEcQ8B6ct+39oLzSAHecUPUd/maN5PKNtnUZbSzd81mEx1ZqzMDA1eRSRcg=="
    },
    "lezer-xml": {
      "version": "0.13.1",
      "resolved": "https://registry.npmjs.org/lezer-xml/-/lezer-xml-0.13.1.tgz",
      "integrity": "sha512-nY4hvqF/ISC6clG3hvyBmw51bbmw7syttTOFOCOOHs+GKr0WncUZA7t+K3wGmI51+zBcT4nrxuYXvBB/kkCKdw==",
      "requires": {
        "lezer": "^0.13.0"
      }
    },
    "style-mod": {
      "version": "3.1.0",
      "resolved": "https://registry.npmjs.org/style-mod/-/style-mod-3.1.0.tgz",
      "integrity": "sha512-0N9E+FSiBMBgwek1njE4Vt2WMmWZReTrKfCY6xUCXuHLJcjXxJrPG504dH2oufQHhEZp0aZs3v/uVHRz5LepTA=="
    },
    "w3c-keyname": {
      "version": "2.2.4",
      "resolved": "https://registry.npmjs.org/w3c-keyname/-/w3c-keyname-2.2.4.tgz",
      "integrity": "sha512-tOhfEwEzFLJzf6d1ZPkYfGj+FWhIpBux9ppoP3rlclw3Z0BZv3N7b7030Z1kYth+6rDuAsXUFr+d0VE6Ed1ikw=="
    }
  }
}
